
Microsoft Visual Studio Solution File, Format Version 12.00
# Visual Studio Version 16
VisualStudioVersion = 16.0.31624.102
MinimumVisualStudioVersion = 10.0.40219.1
Project("{FAE04EC0-301F-11D3-BF4B-00C04F79EFBC}") = "ConsoleAppParam", "ConsoleAppParam\ConsoleAppParam.csproj", "{DD7E80F5-DA0D-422E-9A3C-84A00F6BB81E}"
EndProject
Global
	GlobalSection(SolutionConfigurationPlatforms) = preSolution
		Debug|Any CPU = Debug|Any CPU
		Release|Any CPU = Release|Any CPU
	EndGlobalSection
	GlobalSection(ProjectConfigurationPlatforms) = postSolution
		{DD7E80F5-DA0D-422E-9A3C-84A00F6BB81E}.Debug|Any CPU.ActiveCfg = Debug|Any CPU
		{DD7E80F5-DA0D-422E-9A3C-84A00F6BB81E}.Debug|Any CPU.Build.0 = Debug|Any CPU
		{DD7E80F5-DA0D-422E-9A3C-84A00F6BB81E}.Release|Any CPU.ActiveCfg = Release|Any CPU
		{DD7E80F5-DA0D-422E-9A3C-84A00F6BB81E}.Release|Any CPU.Build.0 = Release|Any CPU
	EndGlobalSection
	GlobalSection(SolutionProperties) = preSolution
		HideSolutionNode = FALSE
	EndGlobalSection
	GlobalSection(ExtensibilityGlobals) = postSolution
		SolutionGuid = {2B6B0E44-4F6B-45C3-A306-784B05CF93C6}
	EndGlobalSection
EndGlobal
